
Microsoft Visual Studio Solution File, Format Version 12.00
# Visual Studio Version 16
VisualStudioVersion = 16.0.30907.101
MinimumVisualStudioVersion = 10.0.40219.1
Project("{888888A0-9F3D-457C-B088-3A5042F75D52}") = "lab4", "lab4\lab4.pyproj", "{8D67FC85-176A-47FA-8D4E-5E103FC80FD1}"
EndProject
Global
	GlobalSection(SolutionConfigurationPlatforms) = preSolution
		Debug|Any CPU = Debug|Any CPU
		Release|Any CPU = Release|Any CPU
	EndGlobalSection
	GlobalSection(ProjectConfigurationPlatforms) = postSolution
		{8D67FC85-176A-47FA-8D4E-5E103FC80FD1}.Debug|Any CPU.ActiveCfg = Debug|Any CPU
		{8D67FC85-176A-47FA-8D4E-5E103FC80FD1}.Debug|Any CPU.Build.0 = Debug|Any CPU
		{8D67FC85-176A-47FA-8D4E-5E103FC80FD1}.Release|Any CPU.ActiveCfg = Release|Any CPU
		{8D67FC85-176A-47FA-8D4E-5E103FC80FD1}.Release|Any CPU.Build.0 = Release|Any CPU
	EndGlobalSection
	GlobalSection(SolutionProperties) = preSolution
		HideSolutionNode = FALSE
	EndGlobalSection
	GlobalSection(ExtensibilityGlobals) = postSolution
		SolutionGuid = {E498D2DB-3A5E-4A48-AABF-FCC632A7EBBE}
	EndGlobalSection
EndGlobal
